
Microsoft Visual Studio Solution File, Format Version 12.00
# Visual Studio 2013
VisualStudioVersion = 12.0.31101.0
MinimumVisualStudioVersion = 10.0.40219.1
Project("{2150E333-8FDC-42A3-9474-1A3956D46DE8}") = "Engine", "Engine", "{FA098EEF-95D2-4AB9-9DC5-5ECA5254C536}"
EndProject
Project("{2150E333-8FDC-42A3-9474-1A3956D46DE8}") = "Games", "Games", "{2F10E5FE-9E46-41E6-9A07-0E651F5994EB}"
EndProject
Project("{8BC9CEB8-8B4A-11D0-8D11-00A0C91BC942}") = "UE4", "Intermediate\ProjectFiles\UE4.vcxproj", "{B8AE6517-377B-44E8-8688-951EF4D6BC56}"
EndProject
Project("{8BC9CEB8-8B4A-11D0-8D11-00A0C91BC942}") = "VoodooMamaJuju", "Intermediate\ProjectFiles\VoodooMamaJuju.vcxproj", "{BDE936D1-F5A1-4887-88EB-6615D9C23354}"
EndProject
Global
	GlobalSection(SolutionConfigurationPlatforms) = preSolution
		DebugGame Editor|Win32 = DebugGame Editor|Win32
		DebugGame Editor|Win64 = DebugGame Editor|Win64
		DebugGame|Win32 = DebugGame|Win32
		DebugGame|Win64 = DebugGame|Win64
		Development Editor|Win32 = Development Editor|Win32
		Development Editor|Win64 = Development Editor|Win64
		Development|Win32 = Development|Win32
		Development|Win64 = Development|Win64
		Shipping|Win32 = Shipping|Win32
		Shipping|Win64 = Shipping|Win64
	EndGlobalSection
	GlobalSection(ProjectConfigurationPlatforms) = postSolution
		{B8AE6517-377B-44E8-8688-951EF4D6BC56}.DebugGame Editor|Win32.ActiveCfg = BuiltWithUnrealBuildTool|Win32
		{B8AE6517-377B-44E8-8688-951EF4D6BC56}.DebugGame Editor|Win32.Build.0 = BuiltWithUnrealBuildTool|Win32
		{B8AE6517-377B-44E8-8688-951EF4D6BC56}.DebugGame Editor|Win64.ActiveCfg = BuiltWithUnrealBuildTool|Win32
		{B8AE6517-377B-44E8-8688-951EF4D6BC56}.DebugGame|Win32.ActiveCfg = BuiltWithUnrealBuildTool|Win32
		{B8AE6517-377B-44E8-8688-951EF4D6BC56}.DebugGame|Win32.Build.0 = BuiltWithUnrealBuildTool|Win32
		{B8AE6517-377B-44E8-8688-951EF4D6BC56}.DebugGame|Win64.ActiveCfg = BuiltWithUnrealBuildTool|Win32
		{B8AE6517-377B-44E8-8688-951EF4D6BC56}.Development Editor|Win32.ActiveCfg = BuiltWithUnrealBuildTool|Win32
		{B8AE6517-377B-44E8-8688-951EF4D6BC56}.Development Editor|Win32.Build.0 = BuiltWithUnrealBuildTool|Win32
		{B8AE6517-377B-44E8-8688-951EF4D6BC56}.Development Editor|Win64.ActiveCfg = BuiltWithUnrealBuildTool|Win32
		{B8AE6517-377B-44E8-8688-951EF4D6BC56}.Development|Win32.ActiveCfg = BuiltWithUnrealBuildTool|Win32
		{B8AE6517-377B-44E8-8688-951EF4D6BC56}.Development|Win32.Build.0 = BuiltWithUnrealBuildTool|Win32
		{B8AE6517-377B-44E8-8688-951EF4D6BC56}.Development|Win64.ActiveCfg = BuiltWithUnrealBuildTool|Win32
		{B8AE6517-377B-44E8-8688-951EF4D6BC56}.Shipping|Win32.ActiveCfg = BuiltWithUnrealBuildTool|Win32
		{B8AE6517-377B-44E8-8688-951EF4D6BC56}.Shipping|Win32.Build.0 = BuiltWithUnrealBuildTool|Win32
		{B8AE6517-377B-44E8-8688-951EF4D6BC56}.Shipping|Win64.ActiveCfg = BuiltWithUnrealBuildTool|Win32
		{BDE936D1-F5A1-4887-88EB-6615D9C23354}.DebugGame Editor|Win32.ActiveCfg = DebugGame_Editor|Win32
		{BDE936D1-F5A1-4887-88EB-6615D9C23354}.DebugGame Editor|Win32.Build.0 = DebugGame_Editor|Win32
		{BDE936D1-F5A1-4887-88EB-6615D9C23354}.DebugGame Editor|Win64.ActiveCfg = DebugGame_Editor|x64
		{BDE936D1-F5A1-4887-88EB-6615D9C23354}.DebugGame Editor|Win64.Build.0 = DebugGame_Editor|x64
		{BDE936D1-F5A1-4887-88EB-6615D9C23354}.DebugGame|Win32.ActiveCfg = DebugGame_Game|Win32
		{BDE936D1-F5A1-4887-88EB-6615D9C23354}.DebugGame|Win32.Build.0 = DebugGame_Game|Win32
		{BDE936D1-F5A1-4887-88EB-6615D9C23354}.DebugGame|Win64.ActiveCfg = DebugGame_Game|x64
		{BDE936D1-F5A1-4887-88EB-6615D9C23354}.DebugGame|Win64.Build.0 = DebugGame_Game|x64
		{BDE936D1-F5A1-4887-88EB-6615D9C23354}.Development Editor|Win32.ActiveCfg = Development_Editor|Win32
		{BDE936D1-F5A1-4887-88EB-6615D9C23354}.Development Editor|Win32.Build.0 = Development_Editor|Win32
		{BDE936D1-F5A1-4887-88EB-6615D9C23354}.Development Editor|Win64.ActiveCfg = Development_Editor|x64
		{BDE936D1-F5A1-4887-88EB-6615D9C23354}.Development Editor|Win64.Build.0 = Development_Editor|x64
		{BDE936D1-F5A1-4887-88EB-6615D9C23354}.Development|Win32.ActiveCfg = Development_Game|Win32
		{BDE936D1-F5A1-4887-88EB-6615D9C23354}.Development|Win32.Build.0 = Development_Game|Win32
		{BDE936D1-F5A1-4887-88EB-6615D9C23354}.Development|Win64.ActiveCfg = Development_Game|x64
		{BDE936D1-F5A1-4887-88EB-6615D9C23354}.Development|Win64.Build.0 = Development_Game|x64
		{BDE936D1-F5A1-4887-88EB-6615D9C23354}.Shipping|Win32.ActiveCfg = Shipping_Game|Win32
		{BDE936D1-F5A1-4887-88EB-6615D9C23354}.Shipping|Win32.Build.0 = Shipping_Game|Win32
		{BDE936D1-F5A1-4887-88EB-6615D9C23354}.Shipping|Win64.ActiveCfg = Shipping_Game|x64
		{BDE936D1-F5A1-4887-88EB-6615D9C23354}.Shipping|Win64.Build.0 = Shipping_Game|x64
	EndGlobalSection
	GlobalSection(SolutionProperties) = preSolution
		HideSolutionNode = FALSE
	EndGlobalSection
	GlobalSection(NestedProjects) = preSolution
		{B8AE6517-377B-44E8-8688-951EF4D6BC56} = {FA098EEF-95D2-4AB9-9DC5-5ECA5254C536}
		{BDE936D1-F5A1-4887-88EB-6615D9C23354} = {2F10E5FE-9E46-41E6-9A07-0E651F5994EB}
	EndGlobalSection
EndGlobal
